
Microsoft Visual Studio Solution File, Format Version 12.00
# Visual Studio Version 17
VisualStudioVersion = 17.3.32811.315
MinimumVisualStudioVersion = 10.0.40219.1
Project("{FAE04EC0-301F-11D3-BF4B-00C04F79EFBC}") = "DataAccess", "DataAccess\DataAccess.csproj", "{55319542-8175-42D2-B8DB-DB19ECFBD9A1}"
EndProject
Project("{FAE04EC0-301F-11D3-BF4B-00C04F79EFBC}") = "Business", "Business\Business.csproj", "{9E671A5F-CAF7-4DC5-A3F9-65ECA27DC789}"
EndProject
Project("{FAE04EC0-301F-11D3-BF4B-00C04F79EFBC}") = "Entities", "Entities\Entities.csproj", "{9FDC4725-4E96-4004-84A6-BFED38ACF144}"
EndProject
Project("{FAE04EC0-301F-11D3-BF4B-00C04F79EFBC}") = "ConsoleUI", "ConsoleUI\ConsoleUI.csproj", "{3E13D7FE-23CA-4052-8F9F-BADE68A94D9E}"
EndProject
Global
	GlobalSection(SolutionConfigurationPlatforms) = preSolution
		Debug|Any CPU = Debug|Any CPU
		Release|Any CPU = Release|Any CPU
	EndGlobalSection
	GlobalSection(ProjectConfigurationPlatforms) = postSolution
		{55319542-8175-42D2-B8DB-DB19ECFBD9A1}.Debug|Any CPU.ActiveCfg = Debug|Any CPU
		{55319542-8175-42D2-B8DB-DB19ECFBD9A1}.Debug|Any CPU.Build.0 = Debug|Any CPU
		{55319542-8175-42D2-B8DB-DB19ECFBD9A1}.Release|Any CPU.ActiveCfg = Release|Any CPU
		{55319542-8175-42D2-B8DB-DB19ECFBD9A1}.Release|Any CPU.Build.0 = Release|Any CPU
		{9E671A5F-CAF7-4DC5-A3F9-65ECA27DC789}.Debug|Any CPU.ActiveCfg = Debug|Any CPU
		{9E671A5F-CAF7-4DC5-A3F9-65ECA27DC789}.Debug|Any CPU.Build.0 = Debug|Any CPU
		{9E671A5F-CAF7-4DC5-A3F9-65ECA27DC789}.Release|Any CPU.ActiveCfg = Release|Any CPU
		{9E671A5F-CAF7-4DC5-A3F9-65ECA27DC789}.Release|Any CPU.Build.0 = Release|Any CPU
		{9FDC4725-4E96-4004-84A6-BFED38ACF144}.Debug|Any CPU.ActiveCfg = Debug|Any CPU
		{9FDC4725-4E96-4004-84A6-BFED38ACF144}.Debug|Any CPU.Build.0 = Debug|Any CPU
		{9FDC4725-4E96-4004-84A6-BFED38ACF144}.Release|Any CPU.ActiveCfg = Release|Any CPU
		{9FDC4725-4E96-4004-84A6-BFED38ACF144}.Release|Any CPU.Build.0 = Release|Any CPU
		{3E13D7FE-23CA-4052-8F9F-BADE68A94D9E}.Debug|Any CPU.ActiveCfg = Debug|Any CPU
		{3E13D7FE-23CA-4052-8F9F-BADE68A94D9E}.Debug|Any CPU.Build.0 = Debug|Any CPU
		{3E13D7FE-23CA-4052-8F9F-BADE68A94D9E}.Release|Any CPU.ActiveCfg = Release|Any CPU
		{3E13D7FE-23CA-4052-8F9F-BADE68A94D9E}.Release|Any CPU.Build.0 = Release|Any CPU
	EndGlobalSection
	GlobalSection(SolutionProperties) = preSolution
		HideSolutionNode = FALSE
	EndGlobalSection
	GlobalSection(ExtensibilityGlobals) = postSolution
		SolutionGuid = {E50D7021-4618-4053-8EA6-A4EC360D2183}
	EndGlobalSection
EndGlobal
